
Microsoft Visual Studio Solution File, Format Version 12.00
# Visual Studio Version 17
VisualStudioVersion = 17.13.35919.96
MinimumVisualStudioVersion = 10.0.40219.1
Project("{FAE04EC0-301F-11D3-BF4B-00C04F79EFBC}") = "WebServer", "WebApplicationServer\WebServer.csproj", "{4570FB19-1A5A-4770-A019-2EF1C9656B08}"
EndProject
Project("{FAE04EC0-301F-11D3-BF4B-00C04F79EFBC}") = "WebClient", "WebApplicationClient\WebClient.csproj", "{20DA7FC3-CAAF-40CC-B1CF-F0B8A0F3516D}"
	ProjectSection(ProjectDependencies) = postProject
		{4570FB19-1A5A-4770-A019-2EF1C9656B08} = {4570FB19-1A5A-4770-A019-2EF1C9656B08}
	EndProjectSection
EndProject
Project("{FAE04EC0-301F-11D3-BF4B-00C04F79EFBC}") = "SharedContract", "SharedContract\SharedContract.csproj", "{21483AFC-A8DD-4E16-A4A0-70A7281A4607}"
EndProject
Project("{FAE04EC0-301F-11D3-BF4B-00C04F79EFBC}") = "WebTest", "WebApplicationTest\WebTest.csproj", "{4E924F74-A90F-4382-922F-10EBA4798FAC}"
EndProject
Project("{2150E333-8FDC-42A3-9474-1A3956D46DE8}") = "src", "src", "{9C04D5C5-40FC-41FC-A87D-E5AC8122016A}"
EndProject
Project("{2150E333-8FDC-42A3-9474-1A3956D46DE8}") = "tests", "tests", "{DEEDE78B-5E41-4F8E-A2C5-E7A5687ED717}"
EndProject
Global
	GlobalSection(SolutionConfigurationPlatforms) = preSolution
		Debug|Any CPU = Debug|Any CPU
		Release|Any CPU = Release|Any CPU
	EndGlobalSection
	GlobalSection(ProjectConfigurationPlatforms) = postSolution
		{4570FB19-1A5A-4770-A019-2EF1C9656B08}.Debug|Any CPU.ActiveCfg = Debug|Any CPU
		{4570FB19-1A5A-4770-A019-2EF1C9656B08}.Debug|Any CPU.Build.0 = Debug|Any CPU
		{4570FB19-1A5A-4770-A019-2EF1C9656B08}.Release|Any CPU.ActiveCfg = Release|Any CPU
		{4570FB19-1A5A-4770-A019-2EF1C9656B08}.Release|Any CPU.Build.0 = Release|Any CPU
		{20DA7FC3-CAAF-40CC-B1CF-F0B8A0F3516D}.Debug|Any CPU.ActiveCfg = Debug|Any CPU
		{20DA7FC3-CAAF-40CC-B1CF-F0B8A0F3516D}.Debug|Any CPU.Build.0 = Debug|Any CPU
		{20DA7FC3-CAAF-40CC-B1CF-F0B8A0F3516D}.Release|Any CPU.ActiveCfg = Release|Any CPU
		{20DA7FC3-CAAF-40CC-B1CF-F0B8A0F3516D}.Release|Any CPU.Build.0 = Release|Any CPU
		{21483AFC-A8DD-4E16-A4A0-70A7281A4607}.Debug|Any CPU.ActiveCfg = Debug|Any CPU
		{21483AFC-A8DD-4E16-A4A0-70A7281A4607}.Debug|Any CPU.Build.0 = Debug|Any CPU
		{21483AFC-A8DD-4E16-A4A0-70A7281A4607}.Release|Any CPU.ActiveCfg = Release|Any CPU
		{21483AFC-A8DD-4E16-A4A0-70A7281A4607}.Release|Any CPU.Build.0 = Release|Any CPU
		{4E924F74-A90F-4382-922F-10EBA4798FAC}.Debug|Any CPU.ActiveCfg = Debug|Any CPU
		{4E924F74-A90F-4382-922F-10EBA4798FAC}.Debug|Any CPU.Build.0 = Debug|Any CPU
		{4E924F74-A90F-4382-922F-10EBA4798FAC}.Release|Any CPU.ActiveCfg = Release|Any CPU
		{4E924F74-A90F-4382-922F-10EBA4798FAC}.Release|Any CPU.Build.0 = Release|Any CPU
	EndGlobalSection
	GlobalSection(SolutionProperties) = preSolution
		HideSolutionNode = FALSE
	EndGlobalSection
	GlobalSection(NestedProjects) = preSolution
		{4570FB19-1A5A-4770-A019-2EF1C9656B08} = {9C04D5C5-40FC-41FC-A87D-E5AC8122016A}
		{20DA7FC3-CAAF-40CC-B1CF-F0B8A0F3516D} = {9C04D5C5-40FC-41FC-A87D-E5AC8122016A}
		{21483AFC-A8DD-4E16-A4A0-70A7281A4607} = {9C04D5C5-40FC-41FC-A87D-E5AC8122016A}
		{4E924F74-A90F-4382-922F-10EBA4798FAC} = {DEEDE78B-5E41-4F8E-A2C5-E7A5687ED717}
	EndGlobalSection
	GlobalSection(ExtensibilityGlobals) = postSolution
		SolutionGuid = {D1BB7046-611A-4498-A8A6-341B33D58185}
	EndGlobalSection
EndGlobal
